
Microsoft Visual Studio Solution File, Format Version 12.00
# Visual Studio 14
VisualStudioVersion = 14.0.23107.0
MinimumVisualStudioVersion = 10.0.40219.1
Project("{FAE04EC0-301F-11D3-BF4B-00C04F79EFBC}") = "PizzariaPoloh.Dominio", "PizzariaPoloh.Dominio\PizzariaPoloh.Dominio.csproj", "{55BA07ED-82ED-494E-837C-1076633C76AF}"
EndProject
Project("{FAE04EC0-301F-11D3-BF4B-00C04F79EFBC}") = "PizzariaPoloh.Web", "PizzariaPoloh.Web\PizzariaPoloh.Web.csproj", "{F6743B5C-E48D-46C1-BD43-536932BCCB16}"
EndProject
Global
	GlobalSection(SolutionConfigurationPlatforms) = preSolution
		Debug|Any CPU = Debug|Any CPU
		Release|Any CPU = Release|Any CPU
	EndGlobalSection
	GlobalSection(ProjectConfigurationPlatforms) = postSolution
		{55BA07ED-82ED-494E-837C-1076633C76AF}.Debug|Any CPU.ActiveCfg = Debug|Any CPU
		{55BA07ED-82ED-494E-837C-1076633C76AF}.Debug|Any CPU.Build.0 = Debug|Any CPU
		{55BA07ED-82ED-494E-837C-1076633C76AF}.Release|Any CPU.ActiveCfg = Release|Any CPU
		{55BA07ED-82ED-494E-837C-1076633C76AF}.Release|Any CPU.Build.0 = Release|Any CPU
		{F6743B5C-E48D-46C1-BD43-536932BCCB16}.Debug|Any CPU.ActiveCfg = Debug|Any CPU
		{F6743B5C-E48D-46C1-BD43-536932BCCB16}.Debug|Any CPU.Build.0 = Debug|Any CPU
		{F6743B5C-E48D-46C1-BD43-536932BCCB16}.Release|Any CPU.ActiveCfg = Release|Any CPU
		{F6743B5C-E48D-46C1-BD43-536932BCCB16}.Release|Any CPU.Build.0 = Release|Any CPU
	EndGlobalSection
	GlobalSection(SolutionProperties) = preSolution
		HideSolutionNode = FALSE
	EndGlobalSection
EndGlobal
